
Microsoft Visual Studio Solution File, Format Version 12.00
# Visual Studio Version 16
VisualStudioVersion = 16.0.29001.49
MinimumVisualStudioVersion = 10.0.40219.1
Project("{FAE04EC0-301F-11D3-BF4B-00C04F79EFBC}") = "GetPedHeadshotTxdCrashPOC", "GetPedHeadshotTxdCrashPOC.csproj", "{ABF282B4-FD9F-4B8B-88C6-3D370366058F}"
EndProject
Global
	GlobalSection(SolutionConfigurationPlatforms) = preSolution
		Debug|Any CPU = Debug|Any CPU
		Debug|x64 = Debug|x64
		Release|Any CPU = Release|Any CPU
		Release|x64 = Release|x64
	EndGlobalSection
	GlobalSection(ProjectConfigurationPlatforms) = postSolution
		{ABF282B4-FD9F-4B8B-88C6-3D370366058F}.Debug|Any CPU.ActiveCfg = Debug|Any CPU
		{ABF282B4-FD9F-4B8B-88C6-3D370366058F}.Debug|Any CPU.Build.0 = Debug|Any CPU
		{ABF282B4-FD9F-4B8B-88C6-3D370366058F}.Debug|x64.ActiveCfg = Debug|x64
		{ABF282B4-FD9F-4B8B-88C6-3D370366058F}.Debug|x64.Build.0 = Debug|x64
		{ABF282B4-FD9F-4B8B-88C6-3D370366058F}.Release|Any CPU.ActiveCfg = Release|Any CPU
		{ABF282B4-FD9F-4B8B-88C6-3D370366058F}.Release|Any CPU.Build.0 = Release|Any CPU
		{ABF282B4-FD9F-4B8B-88C6-3D370366058F}.Release|x64.ActiveCfg = Release|x64
		{ABF282B4-FD9F-4B8B-88C6-3D370366058F}.Release|x64.Build.0 = Release|x64
	EndGlobalSection
	GlobalSection(SolutionProperties) = preSolution
		HideSolutionNode = FALSE
	EndGlobalSection
	GlobalSection(ExtensibilityGlobals) = postSolution
		SolutionGuid = {F253B5C3-CE52-457D-88B3-1873EE50A30B}
	EndGlobalSection
EndGlobal
